
Microsoft Visual Studio Solution File, Format Version 12.00
# Visual Studio Version 17
VisualStudioVersion = 17.9.34728.123
MinimumVisualStudioVersion = 10.0.40219.1
Project("{FAE04EC0-301F-11D3-BF4B-00C04F79EFBC}") = "ReviewerApp", "ReviewerApp\ReviewerApp.csproj", "{DBCC6AA3-9186-4D4A-AC07-69396BDD42E1}"
EndProject
Global
	GlobalSection(SolutionConfigurationPlatforms) = preSolution
		Debug|Any CPU = Debug|Any CPU
		Release|Any CPU = Release|Any CPU
	EndGlobalSection
	GlobalSection(ProjectConfigurationPlatforms) = postSolution
		{DBCC6AA3-9186-4D4A-AC07-69396BDD42E1}.Debug|Any CPU.ActiveCfg = Debug|Any CPU
		{DBCC6AA3-9186-4D4A-AC07-69396BDD42E1}.Debug|Any CPU.Build.0 = Debug|Any CPU
		{DBCC6AA3-9186-4D4A-AC07-69396BDD42E1}.Release|Any CPU.ActiveCfg = Release|Any CPU
		{DBCC6AA3-9186-4D4A-AC07-69396BDD42E1}.Release|Any CPU.Build.0 = Release|Any CPU
	EndGlobalSection
	GlobalSection(SolutionProperties) = preSolution
		HideSolutionNode = FALSE
	EndGlobalSection
	GlobalSection(ExtensibilityGlobals) = postSolution
		SolutionGuid = {0A70DA09-842E-4775-8E19-C550086A94AD}
	EndGlobalSection
EndGlobal
